
Microsoft Visual Studio Solution File, Format Version 12.00
# Visual Studio Version 17
VisualStudioVersion = 17.5.33516.290
MinimumVisualStudioVersion = 10.0.40219.1
Project("{FAE04EC0-301F-11D3-BF4B-00C04F79EFBC}") = "BattleshipLiteLibrary", "BattleshipLiteLibrary\BattleshipLiteLibrary.csproj", "{FECDFBF9-BF39-44FE-856D-0CE7CD9E7FF2}"
EndProject
Project("{FAE04EC0-301F-11D3-BF4B-00C04F79EFBC}") = "BattleshipLite", "BattleshipLite\BattleshipLite.csproj", "{4CC970E6-C251-49B6-B125-A39ADB0EC142}"
EndProject
Global
	GlobalSection(SolutionConfigurationPlatforms) = preSolution
		Debug|Any CPU = Debug|Any CPU
		Release|Any CPU = Release|Any CPU
	EndGlobalSection
	GlobalSection(ProjectConfigurationPlatforms) = postSolution
		{FECDFBF9-BF39-44FE-856D-0CE7CD9E7FF2}.Debug|Any CPU.ActiveCfg = Debug|Any CPU
		{FECDFBF9-BF39-44FE-856D-0CE7CD9E7FF2}.Debug|Any CPU.Build.0 = Debug|Any CPU
		{FECDFBF9-BF39-44FE-856D-0CE7CD9E7FF2}.Release|Any CPU.ActiveCfg = Release|Any CPU
		{FECDFBF9-BF39-44FE-856D-0CE7CD9E7FF2}.Release|Any CPU.Build.0 = Release|Any CPU
		{4CC970E6-C251-49B6-B125-A39ADB0EC142}.Debug|Any CPU.ActiveCfg = Debug|Any CPU
		{4CC970E6-C251-49B6-B125-A39ADB0EC142}.Debug|Any CPU.Build.0 = Debug|Any CPU
		{4CC970E6-C251-49B6-B125-A39ADB0EC142}.Release|Any CPU.ActiveCfg = Release|Any CPU
		{4CC970E6-C251-49B6-B125-A39ADB0EC142}.Release|Any CPU.Build.0 = Release|Any CPU
	EndGlobalSection
	GlobalSection(SolutionProperties) = preSolution
		HideSolutionNode = FALSE
	EndGlobalSection
	GlobalSection(ExtensibilityGlobals) = postSolution
		SolutionGuid = {F8597B4B-3DD0-46F5-8432-2B839A07B5B9}
	EndGlobalSection
EndGlobal
